// !$*UTF8*$!
{
	archiveVersion = 1;
	classes = {
	};
	objectVersion = 48;
	objects = {

/* Begin PBXBuildFile section */
		6F5107FD47F0ADBFC6C4803F /* Pods_Smack.framework in Frameworks */ = {isa = PBXBuildFile; fileRef = 51480A805725DF70CB5659DC /* Pods_Smack.framework */; };
		FF7E89B91FA2647D0056C04E /* AppDelegate.swift in Sources */ = {isa = PBXBuildFile; fileRef = FF7E89B81FA2647D0056C04E /* AppDelegate.swift */; };
		FF7E89BE1FA2647D0056C04E /* Main.storyboard in Resources */ = {isa = PBXBuildFile; fileRef = FF7E89BC1FA2647D0056C04E /* Main.storyboard */; };
		FF7E89C01FA2647D0056C04E /* Assets.xcassets in Resources */ = {isa = PBXBuildFile; fileRef = FF7E89BF1FA2647D0056C04E /* Assets.xcassets */; };
		FF7E89C31FA2647D0056C04E /* LaunchScreen.storyboard in Resources */ = {isa = PBXBuildFile; fileRef = FF7E89C11FA2647D0056C04E /* LaunchScreen.storyboard */; };
		FFB4674B1FA2787100B4CCD7 /* SWRevealViewController.m in Sources */ = {isa = PBXBuildFile; fileRef = FFB467491FA2787100B4CCD7 /* SWRevealViewController.m */; };
		FFB467501FA27E5700B4CCD7 /* ChatVC.swift in Sources */ = {isa = PBXBuildFile; fileRef = FFB4674F1FA27E5700B4CCD7 /* ChatVC.swift */; };
		FFB467521FA27E6500B4CCD7 /* ChannelVC.swift in Sources */ = {isa = PBXBuildFile; fileRef = FFB467511FA27E6500B4CCD7 /* ChannelVC.swift */; };
		FFB467541FA2823400B4CCD7 /* GradientView.swift in Sources */ = {isa = PBXBuildFile; fileRef = FFB467531FA2823400B4CCD7 /* GradientView.swift */; };
		FFB467571FA295E000B4CCD7 /* Constants.swift in Sources */ = {isa = PBXBuildFile; fileRef = FFB467561FA295E000B4CCD7 /* Constants.swift */; };
		FFB467591FA2990200B4CCD7 /* LoginVC.swift in Sources */ = {isa = PBXBuildFile; fileRef = FFB467581FA2990200B4CCD7 /* LoginVC.swift */; };
		FFB4675B1FA29A7900B4CCD7 /* SignUpVC.swift in Sources */ = {isa = PBXBuildFile; fileRef = FFB4675A1FA29A7900B4CCD7 /* SignUpVC.swift */; };
		FFF69E661FA8E45A00C0A8B8 /* AuthService.swift in Sources */ = {isa = PBXBuildFile; fileRef = FFF69E651FA8E45A00C0A8B8 /* AuthService.swift */; };
		FFF69E681FA8EBE200C0A8B8 /* RoundedButton.swift in Sources */ = {isa = PBXBuildFile; fileRef = FFF69E671FA8EBE200C0A8B8 /* RoundedButton.swift */; };
/* End PBXBuildFile section */

/* Begin PBXFileReference section */
		51480A805725DF70CB5659DC /* Pods_Smack.framework */ = {isa = PBXFileReference; explicitFileType = wrapper.framework; includeInIndex = 0; path = Pods_Smack.framework; sourceTree = BUILT_PRODUCTS_DIR; };
		64F89EF1200E76595A6F73FD /* Pods-Smack.debug.xcconfig */ = {isa = PBXFileReference; includeInIndex = 1; lastKnownFileType = text.xcconfig; name = "Pods-Smack.debug.xcconfig"; path = "Pods/Target Support Files/Pods-Smack/Pods-Smack.debug.xcconfig"; sourceTree = "<group>"; };
		FF7C65A6A27BF40A3316F5E8 /* Pods-Smack.release.xcconfig */ = {isa = PBXFileReference; includeInIndex = 1; lastKnownFileType = text.xcconfig; name = "Pods-Smack.release.xcconfig"; path = "Pods/Target Support Files/Pods-Smack/Pods-Smack.release.xcconfig"; sourceTree = "<group>"; };
		FF7E89B51FA2647D0056C04E /* Smack.app */ = {isa = PBXFileReference; explicitFileType = wrapper.application; includeInIndex = 0; path = Smack.app; sourceTree = BUILT_PRODUCTS_DIR; };
		FF7E89B81FA2647D0056C04E /* AppDelegate.swift */ = {isa = PBXFileReference; lastKnownFileType = sourcecode.swift; path = AppDelegate.swift; sourceTree = "<group>"; };
		FF7E89BD1FA2647D0056C04E /* Base */ = {isa = PBXFileReference; lastKnownFileType = file.storyboard; name = Base; path = Base.lproj/Main.storyboard; sourceTree = "<group>"; };
		FF7E89BF1FA2647D0056C04E /* Assets.xcassets */ = {isa = PBXFileReference; lastKnownFileType = folder.assetcatalog; path = Assets.xcassets; sourceTree = "<group>"; };
		FF7E89C21FA2647D0056C04E /* Base */ = {isa = PBXFileReference; lastKnownFileType = file.storyboard; name = Base; path = Base.lproj/LaunchScreen.storyboard; sourceTree = "<group>"; };
		FF7E89C41FA2647D0056C04E /* Info.plist */ = {isa = PBXFileReference; lastKnownFileType = text.plist.xml; path = Info.plist; sourceTree = "<group>"; };
		FFB467481FA2787000B4CCD7 /* Smack-Bridging-Header.h */ = {isa = PBXFileReference; lastKnownFileType = sourcecode.c.h; path = "Smack-Bridging-Header.h"; sourceTree = "<group>"; };
		FFB467491FA2787100B4CCD7 /* SWRevealViewController.m */ = {isa = PBXFileReference; fileEncoding = 4; lastKnownFileType = sourcecode.c.objc; path = SWRevealViewController.m; sourceTree = "<group>"; };
		FFB4674A1FA2787100B4CCD7 /* SWRevealViewController.h */ = {isa = PBXFileReference; fileEncoding = 4; lastKnownFileType = sourcecode.c.h; path = SWRevealViewController.h; sourceTree = "<group>"; };
		FFB4674F1FA27E5700B4CCD7 /* ChatVC.swift */ = {isa = PBXFileReference; lastKnownFileType = sourcecode.swift; path = ChatVC.swift; sourceTree = "<group>"; };
		FFB467511FA27E6500B4CCD7 /* ChannelVC.swift */ = {isa = PBXFileReference; lastKnownFileType = sourcecode.swift; path = ChannelVC.swift; sourceTree = "<group>"; };
		FFB467531FA2823400B4CCD7 /* GradientView.swift */ = {isa = PBXFileReference; lastKnownFileType = sourcecode.swift; path = GradientView.swift; sourceTree = "<group>"; };
		FFB467561FA295E000B4CCD7 /* Constants.swift */ = {isa = PBXFileReference; lastKnownFileType = sourcecode.swift; path = Constants.swift; sourceTree = "<group>"; };
		FFB467581FA2990200B4CCD7 /* LoginVC.swift */ = {isa = PBXFileReference; lastKnownFileType = sourcecode.swift; path = LoginVC.swift; sourceTree = "<group>"; };
		FFB4675A1FA29A7900B4CCD7 /* SignUpVC.swift */ = {isa = PBXFileReference; lastKnownFileType = sourcecode.swift; path = SignUpVC.swift; sourceTree = "<group>"; };
		FFF69E651FA8E45A00C0A8B8 /* AuthService.swift */ = {isa = PBXFileReference; lastKnownFileType = sourcecode.swift; path = AuthService.swift; sourceTree = "<group>"; };
		FFF69E671FA8EBE200C0A8B8 /* RoundedButton.swift */ = {isa = PBXFileReference; lastKnownFileType = sourcecode.swift; path = RoundedButton.swift; sourceTree = "<group>"; };
/* End PBXFileReference section */

/* Begin PBXFrameworksBuildPhase section */
		FF7E89B21FA2647D0056C04E /* Frameworks */ = {
			isa = PBXFrameworksBuildPhase;
			buildActionMask = 2147483647;
			files = (
				6F5107FD47F0ADBFC6C4803F /* Pods_Smack.framework in Frameworks */,
			);
			runOnlyForDeploymentPostprocessing = 0;
		};
/* End PBXFrameworksBuildPhase section */

/* Begin PBXGroup section */
		2E4AD236F4FDB72FB141891E /* Frameworks */ = {
			isa = PBXGroup;
			children = (
				51480A805725DF70CB5659DC /* Pods_Smack.framework */,
			);
			name = Frameworks;
			sourceTree = "<group>";
		};
		454C97A526434FDAE6FA8D37 /* Pods */ = {
			isa = PBXGroup;
			children = (
				64F89EF1200E76595A6F73FD /* Pods-Smack.debug.xcconfig */,
				FF7C65A6A27BF40A3316F5E8 /* Pods-Smack.release.xcconfig */,
			);
			name = Pods;
			sourceTree = "<group>";
		};
		FF7E89AC1FA2647D0056C04E = {
			isa = PBXGroup;
			children = (
				FF7E89B71FA2647D0056C04E /* Smack */,
				FF7E89B61FA2647D0056C04E /* Products */,
				454C97A526434FDAE6FA8D37 /* Pods */,
				2E4AD236F4FDB72FB141891E /* Frameworks */,
			);
			sourceTree = "<group>";
		};
		FF7E89B61FA2647D0056C04E /* Products */ = {
			isa = PBXGroup;
			children = (
				FF7E89B51FA2647D0056C04E /* Smack.app */,
			);
			name = Products;
			sourceTree = "<group>";
		};
		FF7E89B71FA2647D0056C04E /* Smack */ = {
			isa = PBXGroup;
			children = (
				FFF69E641FA8E44500C0A8B8 /* Services */,
				FFB467551FA295D000B4CCD7 /* Utilities */,
				FFB4674E1FA27E2800B4CCD7 /* Controller */,
				FFB4674D1FA27E2100B4CCD7 /* View */,
				FFB4674C1FA27E1C00B4CCD7 /* Model */,
				FFB467471FA2785600B4CCD7 /* Supporting Files */,
				FF7E89B81FA2647D0056C04E /* AppDelegate.swift */,
				FF7E89BF1FA2647D0056C04E /* Assets.xcassets */,
				FF7E89C41FA2647D0056C04E /* Info.plist */,
			);
			path = Smack;
			sourceTree = "<group>";
		};
		FFB467471FA2785600B4CCD7 /* Supporting Files */ = {
			isa = PBXGroup;
			children = (
				FFB4674A1FA2787100B4CCD7 /* SWRevealViewController.h */,
				FFB467491FA2787100B4CCD7 /* SWRevealViewController.m */,
				FFB467481FA2787000B4CCD7 /* Smack-Bridging-Header.h */,
			);
			path = "Supporting Files";
			sourceTree = "<group>";
		};
		FFB4674C1FA27E1C00B4CCD7 /* Model */ = {
			isa = PBXGroup;
			children = (
			);
			path = Model;
			sourceTree = "<group>";
		};
		FFB4674D1FA27E2100B4CCD7 /* View */ = {
			isa = PBXGroup;
			children = (
				FF7E89BC1FA2647D0056C04E /* Main.storyboard */,
				FF7E89C11FA2647D0056C04E /* LaunchScreen.storyboard */,
				FFB467531FA2823400B4CCD7 /* GradientView.swift */,
				FFF69E671FA8EBE200C0A8B8 /* RoundedButton.swift */,
			);
			path = View;
			sourceTree = "<group>";
		};
		FFB4674E1FA27E2800B4CCD7 /* Controller */ = {
			isa = PBXGroup;
			children = (
				FFB4674F1FA27E5700B4CCD7 /* ChatVC.swift */,
				FFB467511FA27E6500B4CCD7 /* ChannelVC.swift */,
				FFB467581FA2990200B4CCD7 /* LoginVC.swift */,
				FFB4675A1FA29A7900B4CCD7 /* SignUpVC.swift */,
			);
			path = Controller;
			sourceTree = "<group>";
		};
		FFB467551FA295D000B4CCD7 /* Utilities */ = {
			isa = PBXGroup;
			children = (
				FFB467561FA295E000B4CCD7 /* Constants.swift */,
			);
			path = Utilities;
			sourceTree = "<group>";
		};
		FFF69E641FA8E44500C0A8B8 /* Services */ = {
			isa = PBXGroup;
			children = (
				FFF69E651FA8E45A00C0A8B8 /* AuthService.swift */,
			);
			path = Services;
			sourceTree = "<group>";
		};
/* End PBXGroup section */

/* Begin PBXNativeTarget section */
		FF7E89B41FA2647D0056C04E /* Smack */ = {
			isa = PBXNativeTarget;
			buildConfigurationList = FF7E89C71FA2647D0056C04E /* Build configuration list for PBXNativeTarget "Smack" */;
			buildPhases = (
				419E98A04DE0D16CC76A3DF5 /* [CP] Check Pods Manifest.lock */,
				FF7E89B11FA2647D0056C04E /* Sources */,
				FF7E89B21FA2647D0056C04E /* Frameworks */,
				FF7E89B31FA2647D0056C04E /* Resources */,
				AC64B5EB68F3018A177A47AC /* [CP] Embed Pods Frameworks */,
				BB0669AE7D59223E956BE83D /* [CP] Copy Pods Resources */,
			);
			buildRules = (
			);
			dependencies = (
			);
			name = Smack;
			productName = Smack;
			productReference = FF7E89B51FA2647D0056C04E /* Smack.app */;
			productType = "com.apple.product-type.application";
		};
/* End PBXNativeTarget section */

/* Begin PBXProject section */
		FF7E89AD1FA2647D0056C04E /* Project object */ = {
			isa = PBXProject;
			attributes = {
				LastSwiftUpdateCheck = 0900;
				LastUpgradeCheck = 0900;
				ORGANIZATIONNAME = "Kirk Tautz";
				TargetAttributes = {
					FF7E89B41FA2647D0056C04E = {
						CreatedOnToolsVersion = 9.0.1;
						LastSwiftMigration = 0900;
						ProvisioningStyle = Automatic;
					};
				};
			};
			buildConfigurationList = FF7E89B01FA2647D0056C04E /* Build configuration list for PBXProject "Smack" */;
			compatibilityVersion = "Xcode 8.0";
			developmentRegion = en;
			hasScannedForEncodings = 0;
			knownRegions = (
				en,
				Base,
			);
			mainGroup = FF7E89AC1FA2647D0056C04E;
			productRefGroup = FF7E89B61FA2647D0056C04E /* Products */;
			projectDirPath = "";
			projectRoot = "";
			targets = (
				FF7E89B41FA2647D0056C04E /* Smack */,
			);
		};
/* End PBXProject section */

/* Begin PBXResourcesBuildPhase section */
		FF7E89B31FA2647D0056C04E /* Resources */ = {
			isa = PBXResourcesBuildPhase;
			buildActionMask = 2147483647;
			files = (
				FF7E89C31FA2647D0056C04E /* LaunchScreen.storyboard in Resources */,
				FF7E89C01FA2647D0056C04E /* Assets.xcassets in Resources */,
				FF7E89BE1FA2647D0056C04E /* Main.storyboard in Resources */,
			);
			runOnlyForDeploymentPostprocessing = 0;
		};
/* End PBXResourcesBuildPhase section */

/* Begin PBXShellScriptBuildPhase section */
		419E98A04DE0D16CC76A3DF5 /* [CP] Check Pods Manifest.lock */ = {
			isa = PBXShellScriptBuildPhase;
			buildActionMask = 2147483647;
			files = (
			);
			inputPaths = (
			);
			name = "[CP] Check Pods Manifest.lock";
			outputPaths = (
			);
			runOnlyForDeploymentPostprocessing = 0;
			shellPath = /bin/sh;
			shellScript = "diff \"${PODS_ROOT}/../Podfile.lock\" \"${PODS_ROOT}/Manifest.lock\" > /dev/null\nif [ $? != 0 ] ; then\n    # print error to STDERR\n    echo \"error: The sandbox is not in sync with the Podfile.lock. Run 'pod install' or update your CocoaPods installation.\" >&2\n    exit 1\nfi\n";
			showEnvVarsInLog = 0;
		};
		AC64B5EB68F3018A177A47AC /* [CP] Embed Pods Frameworks */ = {
			isa = PBXShellScriptBuildPhase;
			buildActionMask = 2147483647;
			files = (
			);
			inputPaths = (
			);
			name = "[CP] Embed Pods Frameworks";
			outputPaths = (
			);
			runOnlyForDeploymentPostprocessing = 0;
			shellPath = /bin/sh;
			shellScript = "\"${SRCROOT}/Pods/Target Support Files/Pods-Smack/Pods-Smack-frameworks.sh\"\n";
			showEnvVarsInLog = 0;
		};
		BB0669AE7D59223E956BE83D /* [CP] Copy Pods Resources */ = {
			isa = PBXShellScriptBuildPhase;
			buildActionMask = 2147483647;
			files = (
			);
			inputPaths = (
			);
			name = "[CP] Copy Pods Resources";
			outputPaths = (
			);
			runOnlyForDeploymentPostprocessing = 0;
			shellPath = /bin/sh;
			shellScript = "\"${SRCROOT}/Pods/Target Support Files/Pods-Smack/Pods-Smack-resources.sh\"\n";
			showEnvVarsInLog = 0;
		};
/* End PBXShellScriptBuildPhase section */

/* Begin PBXSourcesBuildPhase section */
		FF7E89B11FA2647D0056C04E /* Sources */ = {
			isa = PBXSourcesBuildPhase;
			buildActionMask = 2147483647;
			files = (
				FFB4675B1FA29A7900B4CCD7 /* SignUpVC.swift in Sources */,
				FFF69E681FA8EBE200C0A8B8 /* RoundedButton.swift in Sources */,
				FFB467521FA27E6500B4CCD7 /* ChannelVC.swift in Sources */,
				FFB467501FA27E5700B4CCD7 /* ChatVC.swift in Sources */,
				FFF69E661FA8E45A00C0A8B8 /* AuthService.swift in Sources */,
				FFB467591FA2990200B4CCD7 /* LoginVC.swift in Sources */,
				FFB467541FA2823400B4CCD7 /* GradientView.swift in Sources */,
				FF7E89B91FA2647D0056C04E /* AppDelegate.swift in Sources */,
				FFB4674B1FA2787100B4CCD7 /* SWRevealViewController.m in Sources */,
				FFB467571FA295E000B4CCD7 /* Constants.swift in Sources */,
			);
			runOnlyForDeploymentPostprocessing = 0;
		};
/* End PBXSourcesBuildPhase section */

/* Begin PBXVariantGroup section */
		FF7E89BC1FA2647D0056C04E /* Main.storyboard */ = {
			isa = PBXVariantGroup;
			children = (
				FF7E89BD1FA2647D0056C04E /* Base */,
			);
			name = Main.storyboard;
			sourceTree = "<group>";
		};
		FF7E89C11FA2647D0056C04E /* LaunchScreen.storyboard */ = {
			isa = PBXVariantGroup;
			children = (
				FF7E89C21FA2647D0056C04E /* Base */,
			);
			name = LaunchScreen.storyboard;
			sourceTree = "<group>";
		};
/* End PBXVariantGroup section */

/* Begin XCBuildConfiguration section */
		FF7E89C51FA2647D0056C04E /* Debug */ = {
			isa = XCBuildConfiguration;
			buildSettings = {
				ALWAYS_SEARCH_USER_PATHS = NO;
				CLANG_ANALYZER_NONNULL = YES;
				CLANG_ANALYZER_NUMBER_OBJECT_CONVERSION = YES_AGGRESSIVE;
				CLANG_CXX_LANGUAGE_STANDARD = "gnu++14";
				CLANG_CXX_LIBRARY = "libc++";
				CLANG_ENABLE_MODULES = YES;
				CLANG_ENABLE_OBJC_ARC = YES;
				CLANG_WARN_BLOCK_CAPTURE_AUTORELEASING = YES;
				CLANG_WARN_BOOL_CONVERSION = YES;
				CLANG_WARN_COMMA = YES;
				CLANG_WARN_CONSTANT_CONVERSION = YES;
				CLANG_WARN_DIRECT_OBJC_ISA_USAGE = YES_ERROR;
				CLANG_WARN_DOCUMENTATION_COMMENTS = YES;
				CLANG_WARN_EMPTY_BODY = YES;
				CLANG_WARN_ENUM_CONVERSION = YES;
				CLANG_WARN_INFINITE_RECURSION = YES;
				CLANG_WARN_INT_CONVERSION = YES;
				CLANG_WARN_NON_LITERAL_NULL_CONVERSION = YES;
				CLANG_WARN_OBJC_LITERAL_CONVERSION = YES;
				CLANG_WARN_OBJC_ROOT_CLASS = YES_ERROR;
				CLANG_WARN_RANGE_LOOP_ANALYSIS = YES;
				CLANG_WARN_STRICT_PROTOTYPES = YES;
				CLANG_WARN_SUSPICIOUS_MOVE = YES;
				CLANG_WARN_UNGUARDED_AVAILABILITY = YES_AGGRESSIVE;
				CLANG_WARN_UNREACHABLE_CODE = YES;
				CLANG_WARN__DUPLICATE_METHOD_MATCH = YES;
				CODE_SIGN_IDENTITY = "iPhone Developer";
				COPY_PHASE_STRIP = NO;
				DEBUG_INFORMATION_FORMAT = dwarf;
				ENABLE_STRICT_OBJC_MSGSEND = YES;
				ENABLE_TESTABILITY = YES;
				GCC_C_LANGUAGE_STANDARD = gnu11;
				GCC_DYNAMIC_NO_PIC = NO;
				GCC_NO_COMMON_BLOCKS = YES;
				GCC_OPTIMIZATION_LEVEL = 0;
				GCC_PREPROCESSOR_DEFINITIONS = (
					"DEBUG=1",
					"$(inherited)",
				);
				GCC_WARN_64_TO_32_BIT_CONVERSION = YES;
				GCC_WARN_ABOUT_RETURN_TYPE = YES_ERROR;
				GCC_WARN_UNDECLARED_SELECTOR = YES;
				GCC_WARN_UNINITIALIZED_AUTOS = YES_AGGRESSIVE;
				GCC_WARN_UNUSED_FUNCTION = YES;
				GCC_WARN_UNUSED_VARIABLE = YES;
				IPHONEOS_DEPLOYMENT_TARGET = 11.0;
				MTL_ENABLE_DEBUG_INFO = YES;
				ONLY_ACTIVE_ARCH = YES;
				SDKROOT = iphoneos;
				SWIFT_ACTIVE_COMPILATION_CONDITIONS = DEBUG;
				SWIFT_OPTIMIZATION_LEVEL = "-Onone";
			};
			name = Debug;
		};
		FF7E89C61FA2647D0056C04E /* Release */ = {
			isa = XCBuildConfiguration;
			buildSettings = {
				ALWAYS_SEARCH_USER_PATHS = NO;
				CLANG_ANALYZER_NONNULL = YES;
				CLANG_ANALYZER_NUMBER_OBJECT_CONVERSION = YES_AGGRESSIVE;
				CLANG_CXX_LANGUAGE_STANDARD = "gnu++14";
				CLANG_CXX_LIBRARY = "libc++";
				CLANG_ENABLE_MODULES = YES;
				CLANG_ENABLE_OBJC_ARC = YES;
				CLANG_WARN_BLOCK_CAPTURE_AUTORELEASING = YES;
				CLANG_WARN_BOOL_CONVERSION = YES;
				CLANG_WARN_COMMA = YES;
				CLANG_WARN_CONSTANT_CONVERSION = YES;
				CLANG_WARN_DIRECT_OBJC_ISA_USAGE = YES_ERROR;
				CLANG_WARN_DOCUMENTATION_COMMENTS = YES;
				CLANG_WARN_EMPTY_BODY = YES;
				CLANG_WARN_ENUM_CONVERSION = YES;
				CLANG_WARN_INFINITE_RECURSION = YES;
				CLANG_WARN_INT_CONVERSION = YES;
				CLANG_WARN_NON_LITERAL_NULL_CONVERSION = YES;
				CLANG_WARN_OBJC_LITERAL_CONVERSION = YES;
				CLANG_WARN_OBJC_ROOT_CLASS = YES_ERROR;
				CLANG_WARN_RANGE_LOOP_ANALYSIS = YES;
				CLANG_WARN_STRICT_PROTOTYPES = YES;
				CLANG_WARN_SUSPICIOUS_MOVE = YES;
				CLANG_WARN_UNGUARDED_AVAILABILITY = YES_AGGRESSIVE;
				CLANG_WARN_UNREACHABLE_CODE = YES;
				CLANG_WARN__DUPLICATE_METHOD_MATCH = YES;
				CODE_SIGN_IDENTITY = "iPhone Developer";
				COPY_PHASE_STRIP = NO;
				DEBUG_INFORMATION_FORMAT = "dwarf-with-dsym";
				ENABLE_NS_ASSERTIONS = NO;
				ENABLE_STRICT_OBJC_MSGSEND = YES;
				GCC_C_LANGUAGE_STANDARD = gnu11;
				GCC_NO_COMMON_BLOCKS = YES;
				GCC_WARN_64_TO_32_BIT_CONVERSION = YES;
				GCC_WARN_ABOUT_RETURN_TYPE = YES_ERROR;
				GCC_WARN_UNDECLARED_SELECTOR = YES;
				GCC_WARN_UNINITIALIZED_AUTOS = YES_AGGRESSIVE;
				GCC_WARN_UNUSED_FUNCTION = YES;
				GCC_WARN_UNUSED_VARIABLE = YES;
				IPHONEOS_DEPLOYMENT_TARGET = 11.0;
				MTL_ENABLE_DEBUG_INFO = NO;
				SDKROOT = iphoneos;
				SWIFT_OPTIMIZATION_LEVEL = "-Owholemodule";
				VALIDATE_PRODUCT = YES;
			};
			name = Release;
		};
		FF7E89C81FA2647D0056C04E /* Debug */ = {
			isa = XCBuildConfiguration;
			baseConfigurationReference = 64F89EF1200E76595A6F73FD /* Pods-Smack.debug.xcconfig */;
			buildSettings = {
				ASSETCATALOG_COMPILER_APPICON_NAME = AppIcon;
				CLANG_ENABLE_MODULES = YES;
				CODE_SIGN_STYLE = Automatic;
				DEVELOPMENT_TEAM = YZPK5U63UM;
				INFOPLIST_FILE = Smack/Info.plist;
				LD_RUNPATH_SEARCH_PATHS = "$(inherited) @executable_path/Frameworks";
				PRODUCT_BUNDLE_IDENTIFIER = com.kirktautzdevelopment.Smack;
				PRODUCT_NAME = "$(TARGET_NAME)";
				SWIFT_OBJC_BRIDGING_HEADER = "Smack/Supporting Files/Smack-Bridging-Header.h";
				SWIFT_OPTIMIZATION_LEVEL = "-Onone";
				SWIFT_VERSION = 4.0;
				TARGETED_DEVICE_FAMILY = "1,2";
			};
			name = Debug;
		};
		FF7E89C91FA2647D0056C04E /* Release */ = {
			isa = XCBuildConfiguration;
			baseConfigurationReference = FF7C65A6A27BF40A3316F5E8 /* Pods-Smack.release.xcconfig */;
			buildSettings = {
				ASSETCATALOG_COMPILER_APPICON_NAME = AppIcon;
				CLANG_ENABLE_MODULES = YES;
				CODE_SIGN_STYLE = Automatic;
				DEVELOPMENT_TEAM = YZPK5U63UM;
				INFOPLIST_FILE = Smack/Info.plist;
				LD_RUNPATH_SEARCH_PATHS = "$(inherited) @executable_path/Frameworks";
				PRODUCT_BUNDLE_IDENTIFIER = com.kirktautzdevelopment.Smack;
				PRODUCT_NAME = "$(TARGET_NAME)";
				SWIFT_OBJC_BRIDGING_HEADER = "Smack/Supporting Files/Smack-Bridging-Header.h";
				SWIFT_VERSION = 4.0;
				TARGETED_DEVICE_FAMILY = "1,2";
			};
			name = Release;
		};
/* End XCBuildConfiguration section */

/* Begin XCConfigurationList section */
		FF7E89B01FA2647D0056C04E /* Build configuration list for PBXProject "Smack" */ = {
			isa = XCConfigurationList;
			buildConfigurations = (
				FF7E89C51FA2647D0056C04E /* Debug */,
				FF7E89C61FA2647D0056C04E /* Release */,
			);
			defaultConfigurationIsVisible = 0;
			defaultConfigurationName = Release;
		};
		FF7E89C71FA2647D0056C04E /* Build configuration list for PBXNativeTarget "Smack" */ = {
			isa = XCConfigurationList;
			buildConfigurations = (
				FF7E89C81FA2647D0056C04E /* Debug */,
				FF7E89C91FA2647D0056C04E /* Release */,
			);
			defaultConfigurationIsVisible = 0;
			defaultConfigurationName = Release;
		};
/* End XCConfigurationList section */
	};
	rootObject = FF7E89AD1FA2647D0056C04E /* Project object */;
}
